
Microsoft Visual Studio Solution File, Format Version 12.00
# Visual Studio 15
VisualStudioVersion = 15.0.28010.2050
MinimumVisualStudioVersion = 10.0.40219.1
Project("{FAE04EC0-301F-11D3-BF4B-00C04F79EFBC}") = "PGConfig", "PGConfig\PGConfig.csproj", "{8A1579CC-42AE-4444-983C-63C60E2CA7D8}"
EndProject
Project("{FAE04EC0-301F-11D3-BF4B-00C04F79EFBC}") = "PGServer", "PGServer\PGServer.csproj", "{8152C9BA-BD29-47A1-9AD9-86B8EBE61FDD}"
EndProject
Project("{FAE04EC0-301F-11D3-BF4B-00C04F79EFBC}") = "PGComm", "PGComm\PGComm.csproj", "{28C7F1ED-9BF9-4084-9AB2-1CCC9A164A66}"
EndProject
Project("{FAE04EC0-301F-11D3-BF4B-00C04F79EFBC}") = "eBill-CE", "PGClient\eBill-CE.csproj", "{C770825D-76C7-423F-A115-BA203B5FFB1B}"
EndProject
Project("{FAE04EC0-301F-11D3-BF4B-00C04F79EFBC}") = "PMS", "PMS\PMS\PMS.csproj", "{6A03AABE-A6C4-4450-B35D-DD008EB14BD1}"
EndProject
Project("{FAE04EC0-301F-11D3-BF4B-00C04F79EFBC}") = "KICCCard", "KICCCard\KICCCard.csproj", "{3BBC9E13-1B76-4D5F-B6C0-3FE2533F1E3F}"
EndProject
Project("{FAE04EC0-301F-11D3-BF4B-00C04F79EFBC}") = "Report", "Report\Report.csproj", "{B8721F24-EA03-4386-B5AF-0A80C558E80B}"
EndProject
Project("{FAE04EC0-301F-11D3-BF4B-00C04F79EFBC}") = "AutoSmartUpdater", "AutoSmartUpdater\AutoSmartUpdater.csproj", "{1D92EA26-25E7-404F-945C-885AD5A574A5}"
EndProject
Project("{FAE04EC0-301F-11D3-BF4B-00C04F79EFBC}") = "PGServerManager", "PGServerManager\PGServerManager.csproj", "{7231AEFB-6E90-4072-932C-373375A815E6}"
EndProject
Project("{FAE04EC0-301F-11D3-BF4B-00C04F79EFBC}") = "PGPOS", "PGPOS\PGPOS.csproj", "{F93FA501-7D8B-4338-9D77-A75B2B4C335A}"
EndProject
Project("{FAE04EC0-301F-11D3-BF4B-00C04F79EFBC}") = "PGPOSClient", "PGPOSClient\PGPOSClient.csproj", "{89158D41-E846-4AB2-8EBF-283638CAC5B4}"
EndProject
Project("{FAE04EC0-301F-11D3-BF4B-00C04F79EFBC}") = "CardBills", "CardBills\CardBills.csproj", "{BD394A3B-9C51-4B3A-B397-16DDFCFF02C7}"
EndProject
Project("{FAE04EC0-301F-11D3-BF4B-00C04F79EFBC}") = "Member", "Member\Member.csproj", "{46783004-0C72-4B8F-BED5-A0CA9759C70E}"
EndProject
Project("{FAE04EC0-301F-11D3-BF4B-00C04F79EFBC}") = "MemberShip", "MemberShip\MemberShip.csproj", "{C093AC44-41C5-454B-8114-02DE38AC2E95}"
EndProject
Project("{FAE04EC0-301F-11D3-BF4B-00C04F79EFBC}") = "AsynchronousClient", "AsynchronousClient\AsynchronousClient.csproj", "{E5033A8D-D1C7-4700-936C-0E854E19776E}"
EndProject
Global
	GlobalSection(SolutionConfigurationPlatforms) = preSolution
		Debug|Any CPU = Debug|Any CPU
		Debug|x86 = Debug|x86
		Release|Any CPU = Release|Any CPU
		Release|x86 = Release|x86
	EndGlobalSection
	GlobalSection(ProjectConfigurationPlatforms) = postSolution
		{8A1579CC-42AE-4444-983C-63C60E2CA7D8}.Debug|Any CPU.ActiveCfg = Debug|Any CPU
		{8A1579CC-42AE-4444-983C-63C60E2CA7D8}.Debug|Any CPU.Build.0 = Debug|Any CPU
		{8A1579CC-42AE-4444-983C-63C60E2CA7D8}.Debug|x86.ActiveCfg = Debug|Any CPU
		{8A1579CC-42AE-4444-983C-63C60E2CA7D8}.Release|Any CPU.ActiveCfg = Release|Any CPU
		{8A1579CC-42AE-4444-983C-63C60E2CA7D8}.Release|Any CPU.Build.0 = Release|Any CPU
		{8A1579CC-42AE-4444-983C-63C60E2CA7D8}.Release|x86.ActiveCfg = Release|Any CPU
		{8152C9BA-BD29-47A1-9AD9-86B8EBE61FDD}.Debug|Any CPU.ActiveCfg = Debug|Any CPU
		{8152C9BA-BD29-47A1-9AD9-86B8EBE61FDD}.Debug|Any CPU.Build.0 = Debug|Any CPU
		{8152C9BA-BD29-47A1-9AD9-86B8EBE61FDD}.Debug|x86.ActiveCfg = Debug|Any CPU
		{8152C9BA-BD29-47A1-9AD9-86B8EBE61FDD}.Debug|x86.Build.0 = Debug|Any CPU
		{8152C9BA-BD29-47A1-9AD9-86B8EBE61FDD}.Release|Any CPU.ActiveCfg = Release|Any CPU
		{8152C9BA-BD29-47A1-9AD9-86B8EBE61FDD}.Release|Any CPU.Build.0 = Release|Any CPU
		{8152C9BA-BD29-47A1-9AD9-86B8EBE61FDD}.Release|x86.ActiveCfg = Release|Any CPU
		{28C7F1ED-9BF9-4084-9AB2-1CCC9A164A66}.Debug|Any CPU.ActiveCfg = Debug|Any CPU
		{28C7F1ED-9BF9-4084-9AB2-1CCC9A164A66}.Debug|Any CPU.Build.0 = Debug|Any CPU
		{28C7F1ED-9BF9-4084-9AB2-1CCC9A164A66}.Debug|x86.ActiveCfg = Debug|Any CPU
		{28C7F1ED-9BF9-4084-9AB2-1CCC9A164A66}.Release|Any CPU.ActiveCfg = Release|Any CPU
		{28C7F1ED-9BF9-4084-9AB2-1CCC9A164A66}.Release|Any CPU.Build.0 = Release|Any CPU
		{28C7F1ED-9BF9-4084-9AB2-1CCC9A164A66}.Release|x86.ActiveCfg = Release|Any CPU
		{C770825D-76C7-423F-A115-BA203B5FFB1B}.Debug|Any CPU.ActiveCfg = Debug|Any CPU
		{C770825D-76C7-423F-A115-BA203B5FFB1B}.Debug|Any CPU.Build.0 = Debug|Any CPU
		{C770825D-76C7-423F-A115-BA203B5FFB1B}.Debug|x86.ActiveCfg = Debug|Any CPU
		{C770825D-76C7-423F-A115-BA203B5FFB1B}.Release|Any CPU.ActiveCfg = Release|Any CPU
		{C770825D-76C7-423F-A115-BA203B5FFB1B}.Release|Any CPU.Build.0 = Release|Any CPU
		{C770825D-76C7-423F-A115-BA203B5FFB1B}.Release|x86.ActiveCfg = Release|Any CPU
		{6A03AABE-A6C4-4450-B35D-DD008EB14BD1}.Debug|Any CPU.ActiveCfg = Debug|Any CPU
		{6A03AABE-A6C4-4450-B35D-DD008EB14BD1}.Debug|Any CPU.Build.0 = Debug|Any CPU
		{6A03AABE-A6C4-4450-B35D-DD008EB14BD1}.Debug|x86.ActiveCfg = Debug|Any CPU
		{6A03AABE-A6C4-4450-B35D-DD008EB14BD1}.Release|Any CPU.ActiveCfg = Release|Any CPU
		{6A03AABE-A6C4-4450-B35D-DD008EB14BD1}.Release|Any CPU.Build.0 = Release|Any CPU
		{6A03AABE-A6C4-4450-B35D-DD008EB14BD1}.Release|x86.ActiveCfg = Release|Any CPU
		{3BBC9E13-1B76-4D5F-B6C0-3FE2533F1E3F}.Debug|Any CPU.ActiveCfg = Debug|Any CPU
		{3BBC9E13-1B76-4D5F-B6C0-3FE2533F1E3F}.Debug|Any CPU.Build.0 = Debug|Any CPU
		{3BBC9E13-1B76-4D5F-B6C0-3FE2533F1E3F}.Debug|x86.ActiveCfg = Debug|Any CPU
		{3BBC9E13-1B76-4D5F-B6C0-3FE2533F1E3F}.Release|Any CPU.ActiveCfg = Release|Any CPU
		{3BBC9E13-1B76-4D5F-B6C0-3FE2533F1E3F}.Release|Any CPU.Build.0 = Release|Any CPU
		{3BBC9E13-1B76-4D5F-B6C0-3FE2533F1E3F}.Release|x86.ActiveCfg = Release|Any CPU
		{B8721F24-EA03-4386-B5AF-0A80C558E80B}.Debug|Any CPU.ActiveCfg = Debug|Any CPU
		{B8721F24-EA03-4386-B5AF-0A80C558E80B}.Debug|Any CPU.Build.0 = Debug|Any CPU
		{B8721F24-EA03-4386-B5AF-0A80C558E80B}.Debug|x86.ActiveCfg = Debug|Any CPU
		{B8721F24-EA03-4386-B5AF-0A80C558E80B}.Release|Any CPU.ActiveCfg = Release|Any CPU
		{B8721F24-EA03-4386-B5AF-0A80C558E80B}.Release|Any CPU.Build.0 = Release|Any CPU
		{B8721F24-EA03-4386-B5AF-0A80C558E80B}.Release|x86.ActiveCfg = Release|Any CPU
		{1D92EA26-25E7-404F-945C-885AD5A574A5}.Debug|Any CPU.ActiveCfg = Debug|Any CPU
		{1D92EA26-25E7-404F-945C-885AD5A574A5}.Debug|Any CPU.Build.0 = Debug|Any CPU
		{1D92EA26-25E7-404F-945C-885AD5A574A5}.Debug|x86.ActiveCfg = Debug|Any CPU
		{1D92EA26-25E7-404F-945C-885AD5A574A5}.Release|Any CPU.ActiveCfg = Release|Any CPU
		{1D92EA26-25E7-404F-945C-885AD5A574A5}.Release|x86.ActiveCfg = Release|Any CPU
		{7231AEFB-6E90-4072-932C-373375A815E6}.Debug|Any CPU.ActiveCfg = Debug|Any CPU
		{7231AEFB-6E90-4072-932C-373375A815E6}.Debug|Any CPU.Build.0 = Debug|Any CPU
		{7231AEFB-6E90-4072-932C-373375A815E6}.Debug|x86.ActiveCfg = Debug|Any CPU
		{7231AEFB-6E90-4072-932C-373375A815E6}.Release|Any CPU.ActiveCfg = Release|Any CPU
		{7231AEFB-6E90-4072-932C-373375A815E6}.Release|Any CPU.Build.0 = Release|Any CPU
		{7231AEFB-6E90-4072-932C-373375A815E6}.Release|x86.ActiveCfg = Release|Any CPU
		{F93FA501-7D8B-4338-9D77-A75B2B4C335A}.Debug|Any CPU.ActiveCfg = Debug|Any CPU
		{F93FA501-7D8B-4338-9D77-A75B2B4C335A}.Debug|Any CPU.Build.0 = Debug|Any CPU
		{F93FA501-7D8B-4338-9D77-A75B2B4C335A}.Debug|x86.ActiveCfg = Debug|Any CPU
		{F93FA501-7D8B-4338-9D77-A75B2B4C335A}.Release|Any CPU.ActiveCfg = Release|Any CPU
		{F93FA501-7D8B-4338-9D77-A75B2B4C335A}.Release|Any CPU.Build.0 = Release|Any CPU
		{F93FA501-7D8B-4338-9D77-A75B2B4C335A}.Release|x86.ActiveCfg = Release|Any CPU
		{89158D41-E846-4AB2-8EBF-283638CAC5B4}.Debug|Any CPU.ActiveCfg = Debug|Any CPU
		{89158D41-E846-4AB2-8EBF-283638CAC5B4}.Debug|Any CPU.Build.0 = Debug|Any CPU
		{89158D41-E846-4AB2-8EBF-283638CAC5B4}.Debug|x86.ActiveCfg = Debug|Any CPU
		{89158D41-E846-4AB2-8EBF-283638CAC5B4}.Release|Any CPU.ActiveCfg = Release|Any CPU
		{89158D41-E846-4AB2-8EBF-283638CAC5B4}.Release|Any CPU.Build.0 = Release|Any CPU
		{89158D41-E846-4AB2-8EBF-283638CAC5B4}.Release|x86.ActiveCfg = Release|Any CPU
		{BD394A3B-9C51-4B3A-B397-16DDFCFF02C7}.Debug|Any CPU.ActiveCfg = Debug|Any CPU
		{BD394A3B-9C51-4B3A-B397-16DDFCFF02C7}.Debug|Any CPU.Build.0 = Debug|Any CPU
		{BD394A3B-9C51-4B3A-B397-16DDFCFF02C7}.Debug|x86.ActiveCfg = Debug|Any CPU
		{BD394A3B-9C51-4B3A-B397-16DDFCFF02C7}.Release|Any CPU.ActiveCfg = Release|Any CPU
		{BD394A3B-9C51-4B3A-B397-16DDFCFF02C7}.Release|Any CPU.Build.0 = Release|Any CPU
		{BD394A3B-9C51-4B3A-B397-16DDFCFF02C7}.Release|x86.ActiveCfg = Release|Any CPU
		{46783004-0C72-4B8F-BED5-A0CA9759C70E}.Debug|Any CPU.ActiveCfg = Debug|Any CPU
		{46783004-0C72-4B8F-BED5-A0CA9759C70E}.Debug|Any CPU.Build.0 = Debug|Any CPU
		{46783004-0C72-4B8F-BED5-A0CA9759C70E}.Debug|x86.ActiveCfg = Debug|Any CPU
		{46783004-0C72-4B8F-BED5-A0CA9759C70E}.Release|Any CPU.ActiveCfg = Release|Any CPU
		{46783004-0C72-4B8F-BED5-A0CA9759C70E}.Release|Any CPU.Build.0 = Release|Any CPU
		{46783004-0C72-4B8F-BED5-A0CA9759C70E}.Release|x86.ActiveCfg = Release|Any CPU
		{C093AC44-41C5-454B-8114-02DE38AC2E95}.Debug|Any CPU.ActiveCfg = Debug|Any CPU
		{C093AC44-41C5-454B-8114-02DE38AC2E95}.Debug|Any CPU.Build.0 = Debug|Any CPU
		{C093AC44-41C5-454B-8114-02DE38AC2E95}.Debug|x86.ActiveCfg = Debug|Any CPU
		{C093AC44-41C5-454B-8114-02DE38AC2E95}.Release|Any CPU.ActiveCfg = Release|Any CPU
		{C093AC44-41C5-454B-8114-02DE38AC2E95}.Release|Any CPU.Build.0 = Release|Any CPU
		{C093AC44-41C5-454B-8114-02DE38AC2E95}.Release|x86.ActiveCfg = Release|Any CPU
		{E5033A8D-D1C7-4700-936C-0E854E19776E}.Debug|Any CPU.ActiveCfg = Debug|Any CPU
		{E5033A8D-D1C7-4700-936C-0E854E19776E}.Debug|Any CPU.Build.0 = Debug|Any CPU
		{E5033A8D-D1C7-4700-936C-0E854E19776E}.Debug|x86.ActiveCfg = Debug|Any CPU
		{E5033A8D-D1C7-4700-936C-0E854E19776E}.Release|Any CPU.ActiveCfg = Release|Any CPU
		{E5033A8D-D1C7-4700-936C-0E854E19776E}.Release|Any CPU.Build.0 = Release|Any CPU
		{E5033A8D-D1C7-4700-936C-0E854E19776E}.Release|x86.ActiveCfg = Release|Any CPU
	EndGlobalSection
	GlobalSection(SolutionProperties) = preSolution
		HideSolutionNode = FALSE
	EndGlobalSection
	GlobalSection(ExtensibilityGlobals) = postSolution
		SolutionGuid = {8494091D-67D6-4AFF-8620-95B69239B2D1}
	EndGlobalSection
EndGlobal
